
Microsoft Visual Studio Solution File, Format Version 12.00
# Visual Studio Version 17
VisualStudioVersion = 17.11.35219.272
MinimumVisualStudioVersion = 10.0.40219.1
Project("{FAE04EC0-301F-11D3-BF4B-00C04F79EFBC}") = "BasketballTournament", "BasketballTournament.csproj", "{F19D818B-9EAE-465B-9640-84E01C30F849}"
EndProject
Global
	GlobalSection(SolutionConfigurationPlatforms) = preSolution
		Debug|Any CPU = Debug|Any CPU
		Release|Any CPU = Release|Any CPU
	EndGlobalSection
	GlobalSection(ProjectConfigurationPlatforms) = postSolution
		{F19D818B-9EAE-465B-9640-84E01C30F849}.Debug|Any CPU.ActiveCfg = Debug|Any CPU
		{F19D818B-9EAE-465B-9640-84E01C30F849}.Debug|Any CPU.Build.0 = Debug|Any CPU
		{F19D818B-9EAE-465B-9640-84E01C30F849}.Release|Any CPU.ActiveCfg = Release|Any CPU
		{F19D818B-9EAE-465B-9640-84E01C30F849}.Release|Any CPU.Build.0 = Release|Any CPU
	EndGlobalSection
	GlobalSection(SolutionProperties) = preSolution
		HideSolutionNode = FALSE
	EndGlobalSection
	GlobalSection(ExtensibilityGlobals) = postSolution
		SolutionGuid = {0164989D-89A5-4CFA-AB22-06E47A9F2032}
	EndGlobalSection
EndGlobal
